
Microsoft Visual Studio Solution File, Format Version 12.00
# Visual Studio Version 17
VisualStudioVersion = 17.4.33213.308
MinimumVisualStudioVersion = 10.0.40219.1
Project("{FAE04EC0-301F-11D3-BF4B-00C04F79EFBC}") = "LivrariaAPI", "LivrariaAPI\LivrariaAPI.csproj", "{F45AD80B-E261-45FD-B4C3-2070EBA9798B}"
EndProject
Global
	GlobalSection(SolutionConfigurationPlatforms) = preSolution
		Debug|Any CPU = Debug|Any CPU
		Release|Any CPU = Release|Any CPU
	EndGlobalSection
	GlobalSection(ProjectConfigurationPlatforms) = postSolution
		{F45AD80B-E261-45FD-B4C3-2070EBA9798B}.Debug|Any CPU.ActiveCfg = Debug|Any CPU
		{F45AD80B-E261-45FD-B4C3-2070EBA9798B}.Debug|Any CPU.Build.0 = Debug|Any CPU
		{F45AD80B-E261-45FD-B4C3-2070EBA9798B}.Release|Any CPU.ActiveCfg = Release|Any CPU
		{F45AD80B-E261-45FD-B4C3-2070EBA9798B}.Release|Any CPU.Build.0 = Release|Any CPU
	EndGlobalSection
	GlobalSection(SolutionProperties) = preSolution
		HideSolutionNode = FALSE
	EndGlobalSection
	GlobalSection(ExtensibilityGlobals) = postSolution
		SolutionGuid = {B037B4A0-C385-41A6-8B04-559A70A6DEF5}
	EndGlobalSection
EndGlobal
